// !$*UTF8*$!
{
	archiveVersion = 1;
	classes = {
	};
	objectVersion = 52;
	objects = {

/* Begin PBXBuildFile section */
		28C0091E27C7B2D700664C67 /* FirebaseAuth in Frameworks */ = {isa = PBXBuildFile; productRef = 28C0091D27C7B2D700664C67 /* FirebaseAuth */; };
		28C0092027C7B2D700664C67 /* FirebaseDatabase in Frameworks */ = {isa = PBXBuildFile; productRef = 28C0091F27C7B2D700664C67 /* FirebaseDatabase */; };
		28C0092227C7B43200664C67 /* GoogleService-Info.plist in Resources */ = {isa = PBXBuildFile; fileRef = 28C0092127C7B43200664C67 /* GoogleService-Info.plist */; };
		28C0092727C7B7CC00664C67 /* LoginView.swift in Sources */ = {isa = PBXBuildFile; fileRef = 28C0092627C7B7CC00664C67 /* LoginView.swift */; };
		28C0092B27C7B8E000664C67 /* InputTextFieldView.swift in Sources */ = {isa = PBXBuildFile; fileRef = 28C0092A27C7B8E000664C67 /* InputTextFieldView.swift */; };
		28C0092E27C7BBDB00664C67 /* PreviewLayoutComponentModifier.swift in Sources */ = {isa = PBXBuildFile; fileRef = 28C0092D27C7BBDB00664C67 /* PreviewLayoutComponentModifier.swift */; };
		28C95E6A279F2B2B00D90FBE /* VeggieCheckApp.swift in Sources */ = {isa = PBXBuildFile; fileRef = 28C95E69279F2B2B00D90FBE /* VeggieCheckApp.swift */; };
		28C95E6C279F2B2B00D90FBE /* ContentView.swift in Sources */ = {isa = PBXBuildFile; fileRef = 28C95E6B279F2B2B00D90FBE /* ContentView.swift */; };
		28C95E6E279F2B3600D90FBE /* Assets.xcassets in Resources */ = {isa = PBXBuildFile; fileRef = 28C95E6D279F2B3600D90FBE /* Assets.xcassets */; };
		28C95E71279F2B3600D90FBE /* Preview Assets.xcassets in Resources */ = {isa = PBXBuildFile; fileRef = 28C95E70279F2B3600D90FBE /* Preview Assets.xcassets */; };
		E584055127B096070043F68B /* Model.swift in Sources */ = {isa = PBXBuildFile; fileRef = E584055027B096070043F68B /* Model.swift */; };
		E584055327B0964D0043F68B /* ScannerView.swift in Sources */ = {isa = PBXBuildFile; fileRef = E584055227B0964D0043F68B /* ScannerView.swift */; };
		E584055527B0968C0043F68B /* TextPreviewView.swift in Sources */ = {isa = PBXBuildFile; fileRef = E584055427B0968C0043F68B /* TextPreviewView.swift */; };
		E584055727B096C20043F68B /* TextRecognition.swift in Sources */ = {isa = PBXBuildFile; fileRef = E584055627B096C20043F68B /* TextRecognition.swift */; };
		E584055927B097130043F68B /* APItest.swift in Sources */ = {isa = PBXBuildFile; fileRef = E584055827B097130043F68B /* APItest.swift */; };
/* End PBXBuildFile section */

/* Begin PBXFileReference section */
		28C0092127C7B43200664C67 /* GoogleService-Info.plist */ = {isa = PBXFileReference; fileEncoding = 4; lastKnownFileType = text.plist.xml; path = "GoogleService-Info.plist"; sourceTree = "<group>"; };
		28C0092627C7B7CC00664C67 /* LoginView.swift */ = {isa = PBXFileReference; lastKnownFileType = sourcecode.swift; path = LoginView.swift; sourceTree = "<group>"; };
		28C0092A27C7B8E000664C67 /* InputTextFieldView.swift */ = {isa = PBXFileReference; lastKnownFileType = sourcecode.swift; path = InputTextFieldView.swift; sourceTree = "<group>"; };
		28C0092D27C7BBDB00664C67 /* PreviewLayoutComponentModifier.swift */ = {isa = PBXFileReference; lastKnownFileType = sourcecode.swift; path = PreviewLayoutComponentModifier.swift; sourceTree = "<group>"; };
		28C95E66279F2B2B00D90FBE /* VeggieCheck.app */ = {isa = PBXFileReference; explicitFileType = wrapper.application; includeInIndex = 0; path = VeggieCheck.app; sourceTree = BUILT_PRODUCTS_DIR; };
		28C95E69279F2B2B00D90FBE /* VeggieCheckApp.swift */ = {isa = PBXFileReference; lastKnownFileType = sourcecode.swift; path = VeggieCheckApp.swift; sourceTree = "<group>"; };
		28C95E6B279F2B2B00D90FBE /* ContentView.swift */ = {isa = PBXFileReference; lastKnownFileType = sourcecode.swift; path = ContentView.swift; sourceTree = "<group>"; };
		28C95E6D279F2B3600D90FBE /* Assets.xcassets */ = {isa = PBXFileReference; lastKnownFileType = folder.assetcatalog; path = Assets.xcassets; sourceTree = "<group>"; };
		28C95E70279F2B3600D90FBE /* Preview Assets.xcassets */ = {isa = PBXFileReference; lastKnownFileType = folder.assetcatalog; path = "Preview Assets.xcassets"; sourceTree = "<group>"; };
		28C95E72279F2B3600D90FBE /* Info.plist */ = {isa = PBXFileReference; lastKnownFileType = text.plist.xml; path = Info.plist; sourceTree = "<group>"; };
		E584055027B096070043F68B /* Model.swift */ = {isa = PBXFileReference; lastKnownFileType = sourcecode.swift; path = Model.swift; sourceTree = "<group>"; };
		E584055227B0964D0043F68B /* ScannerView.swift */ = {isa = PBXFileReference; lastKnownFileType = sourcecode.swift; path = ScannerView.swift; sourceTree = "<group>"; };
		E584055427B0968C0043F68B /* TextPreviewView.swift */ = {isa = PBXFileReference; lastKnownFileType = sourcecode.swift; path = TextPreviewView.swift; sourceTree = "<group>"; };
		E584055627B096C20043F68B /* TextRecognition.swift */ = {isa = PBXFileReference; lastKnownFileType = sourcecode.swift; path = TextRecognition.swift; sourceTree = "<group>"; };
		E584055827B097130043F68B /* APItest.swift */ = {isa = PBXFileReference; lastKnownFileType = sourcecode.swift; path = APItest.swift; sourceTree = "<group>"; };
/* End PBXFileReference section */

/* Begin PBXFrameworksBuildPhase section */
		28C95E63279F2B2B00D90FBE /* Frameworks */ = {
			isa = PBXFrameworksBuildPhase;
			buildActionMask = 2147483647;
			files = (
				28C0092027C7B2D700664C67 /* FirebaseDatabase in Frameworks */,
				28C0091E27C7B2D700664C67 /* FirebaseAuth in Frameworks */,
			);
			runOnlyForDeploymentPostprocessing = 0;
		};
/* End PBXFrameworksBuildPhase section */

/* Begin PBXGroup section */
		28C0092327C7B79200664C67 /* Feature */ = {
			isa = PBXGroup;
			children = (
				28C0092427C7B79E00664C67 /* Login */,
			);
			path = Feature;
			sourceTree = "<group>";
		};
		28C0092427C7B79E00664C67 /* Login */ = {
			isa = PBXGroup;
			children = (
				28C0092527C7B7A900664C67 /* View */,
			);
			path = Login;
			sourceTree = "<group>";
		};
		28C0092527C7B7A900664C67 /* View */ = {
			isa = PBXGroup;
			children = (
				28C0092627C7B7CC00664C67 /* LoginView.swift */,
			);
			path = View;
			sourceTree = "<group>";
		};
		28C0092827C7B89A00664C67 /* Base */ = {
			isa = PBXGroup;
			children = (
				28C0092C27C7BB9900664C67 /* Modifier */,
				28C0092927C7B8B400664C67 /* Views */,
			);
			path = Base;
			sourceTree = "<group>";
		};
		28C0092927C7B8B400664C67 /* Views */ = {
			isa = PBXGroup;
			children = (
				28C0092A27C7B8E000664C67 /* InputTextFieldView.swift */,
			);
			path = Views;
			sourceTree = "<group>";
		};
		28C0092C27C7BB9900664C67 /* Modifier */ = {
			isa = PBXGroup;
			children = (
				28C0092D27C7BBDB00664C67 /* PreviewLayoutComponentModifier.swift */,
			);
			path = Modifier;
			sourceTree = "<group>";
		};
		28C95E5D279F2B2B00D90FBE = {
			isa = PBXGroup;
			children = (
				28C95E68279F2B2B00D90FBE /* VeggieCheck */,
				28C95E67279F2B2B00D90FBE /* Products */,
			);
			sourceTree = "<group>";
		};
		28C95E67279F2B2B00D90FBE /* Products */ = {
			isa = PBXGroup;
			children = (
				28C95E66279F2B2B00D90FBE /* VeggieCheck.app */,
			);
			name = Products;
			sourceTree = "<group>";
		};
		28C95E68279F2B2B00D90FBE /* VeggieCheck */ = {
			isa = PBXGroup;
			children = (
				28C0092827C7B89A00664C67 /* Base */,
				28C0092327C7B79200664C67 /* Feature */,
				28C0092127C7B43200664C67 /* GoogleService-Info.plist */,
				28C95E69279F2B2B00D90FBE /* VeggieCheckApp.swift */,
				28C95E6B279F2B2B00D90FBE /* ContentView.swift */,
				28C95E6D279F2B3600D90FBE /* Assets.xcassets */,
				28C95E72279F2B3600D90FBE /* Info.plist */,
				28C95E6F279F2B3600D90FBE /* Preview Content */,
				E584055027B096070043F68B /* Model.swift */,
				E584055227B0964D0043F68B /* ScannerView.swift */,
				E584055427B0968C0043F68B /* TextPreviewView.swift */,
				E584055627B096C20043F68B /* TextRecognition.swift */,
				E584055827B097130043F68B /* APItest.swift */,
			);
			path = VeggieCheck;
			sourceTree = "<group>";
		};
		28C95E6F279F2B3600D90FBE /* Preview Content */ = {
			isa = PBXGroup;
			children = (
				28C95E70279F2B3600D90FBE /* Preview Assets.xcassets */,
			);
			path = "Preview Content";
			sourceTree = "<group>";
		};
/* End PBXGroup section */

/* Begin PBXNativeTarget section */
		28C95E65279F2B2B00D90FBE /* VeggieCheck */ = {
			isa = PBXNativeTarget;
			buildConfigurationList = 28C95E75279F2B3600D90FBE /* Build configuration list for PBXNativeTarget "VeggieCheck" */;
			buildPhases = (
				28C95E62279F2B2B00D90FBE /* Sources */,
				28C95E63279F2B2B00D90FBE /* Frameworks */,
				28C95E64279F2B2B00D90FBE /* Resources */,
			);
			buildRules = (
			);
			dependencies = (
			);
			name = VeggieCheck;
			packageProductDependencies = (
				28C0091D27C7B2D700664C67 /* FirebaseAuth */,
				28C0091F27C7B2D700664C67 /* FirebaseDatabase */,
			);
			productName = VeggieCheck;
			productReference = 28C95E66279F2B2B00D90FBE /* VeggieCheck.app */;
			productType = "com.apple.product-type.application";
		};
/* End PBXNativeTarget section */

/* Begin PBXProject section */
		28C95E5E279F2B2B00D90FBE /* Project object */ = {
			isa = PBXProject;
			attributes = {
				LastSwiftUpdateCheck = 1250;
				LastUpgradeCheck = 1250;
				TargetAttributes = {
					28C95E65279F2B2B00D90FBE = {
						CreatedOnToolsVersion = 12.5.1;
					};
				};
			};
			buildConfigurationList = 28C95E61279F2B2B00D90FBE /* Build configuration list for PBXProject "VeggieCheck" */;
			compatibilityVersion = "Xcode 9.3";
			developmentRegion = en;
			hasScannedForEncodings = 0;
			knownRegions = (
				en,
				Base,
			);
			mainGroup = 28C95E5D279F2B2B00D90FBE;
			packageReferences = (
				28C0091C27C7B2D700664C67 /* XCRemoteSwiftPackageReference "firebase-ios-sdk" */,
			);
			productRefGroup = 28C95E67279F2B2B00D90FBE /* Products */;
			projectDirPath = "";
			projectRoot = "";
			targets = (
				28C95E65279F2B2B00D90FBE /* VeggieCheck */,
			);
		};
/* End PBXProject section */

/* Begin PBXResourcesBuildPhase section */
		28C95E64279F2B2B00D90FBE /* Resources */ = {
			isa = PBXResourcesBuildPhase;
			buildActionMask = 2147483647;
			files = (
				28C95E71279F2B3600D90FBE /* Preview Assets.xcassets in Resources */,
				28C95E6E279F2B3600D90FBE /* Assets.xcassets in Resources */,
				28C0092227C7B43200664C67 /* GoogleService-Info.plist in Resources */,
			);
			runOnlyForDeploymentPostprocessing = 0;
		};
/* End PBXResourcesBuildPhase section */

/* Begin PBXSourcesBuildPhase section */
		28C95E62279F2B2B00D90FBE /* Sources */ = {
			isa = PBXSourcesBuildPhase;
			buildActionMask = 2147483647;
			files = (
				E584055127B096070043F68B /* Model.swift in Sources */,
				28C0092B27C7B8E000664C67 /* InputTextFieldView.swift in Sources */,
				E584055927B097130043F68B /* APItest.swift in Sources */,
				E584055527B0968C0043F68B /* TextPreviewView.swift in Sources */,
				E584055327B0964D0043F68B /* ScannerView.swift in Sources */,
				28C95E6C279F2B2B00D90FBE /* ContentView.swift in Sources */,
				E584055727B096C20043F68B /* TextRecognition.swift in Sources */,
				28C0092E27C7BBDB00664C67 /* PreviewLayoutComponentModifier.swift in Sources */,
				28C0092727C7B7CC00664C67 /* LoginView.swift in Sources */,
				28C95E6A279F2B2B00D90FBE /* VeggieCheckApp.swift in Sources */,
			);
			runOnlyForDeploymentPostprocessing = 0;
		};
/* End PBXSourcesBuildPhase section */

/* Begin XCBuildConfiguration section */
		28C95E73279F2B3600D90FBE /* Debug */ = {
			isa = XCBuildConfiguration;
			buildSettings = {
				ALWAYS_SEARCH_USER_PATHS = NO;
				CLANG_ANALYZER_NONNULL = YES;
				CLANG_ANALYZER_NUMBER_OBJECT_CONVERSION = YES_AGGRESSIVE;
				CLANG_CXX_LANGUAGE_STANDARD = "gnu++14";
				CLANG_CXX_LIBRARY = "libc++";
				CLANG_ENABLE_MODULES = YES;
				CLANG_ENABLE_OBJC_ARC = YES;
				CLANG_ENABLE_OBJC_WEAK = YES;
				CLANG_WARN_BLOCK_CAPTURE_AUTORELEASING = YES;
				CLANG_WARN_BOOL_CONVERSION = YES;
				CLANG_WARN_COMMA = YES;
				CLANG_WARN_CONSTANT_CONVERSION = YES;
				CLANG_WARN_DEPRECATED_OBJC_IMPLEMENTATIONS = YES;
				CLANG_WARN_DIRECT_OBJC_ISA_USAGE = YES_ERROR;
				CLANG_WARN_DOCUMENTATION_COMMENTS = YES;
				CLANG_WARN_EMPTY_BODY = YES;
				CLANG_WARN_ENUM_CONVERSION = YES;
				CLANG_WARN_INFINITE_RECURSION = YES;
				CLANG_WARN_INT_CONVERSION = YES;
				CLANG_WARN_NON_LITERAL_NULL_CONVERSION = YES;
				CLANG_WARN_OBJC_IMPLICIT_RETAIN_SELF = YES;
				CLANG_WARN_OBJC_LITERAL_CONVERSION = YES;
				CLANG_WARN_OBJC_ROOT_CLASS = YES_ERROR;
				CLANG_WARN_QUOTED_INCLUDE_IN_FRAMEWORK_HEADER = YES;
				CLANG_WARN_RANGE_LOOP_ANALYSIS = YES;
				CLANG_WARN_STRICT_PROTOTYPES = YES;
				CLANG_WARN_SUSPICIOUS_MOVE = YES;
				CLANG_WARN_UNGUARDED_AVAILABILITY = YES_AGGRESSIVE;
				CLANG_WARN_UNREACHABLE_CODE = YES;
				CLANG_WARN__DUPLICATE_METHOD_MATCH = YES;
				COPY_PHASE_STRIP = NO;
				DEBUG_INFORMATION_FORMAT = dwarf;
				ENABLE_STRICT_OBJC_MSGSEND = YES;
				ENABLE_TESTABILITY = YES;
				GCC_C_LANGUAGE_STANDARD = gnu11;
				GCC_DYNAMIC_NO_PIC = NO;
				GCC_NO_COMMON_BLOCKS = YES;
				GCC_OPTIMIZATION_LEVEL = 0;
				GCC_PREPROCESSOR_DEFINITIONS = (
					"DEBUG=1",
					"$(inherited)",
				);
				GCC_WARN_64_TO_32_BIT_CONVERSION = YES;
				GCC_WARN_ABOUT_RETURN_TYPE = YES_ERROR;
				GCC_WARN_UNDECLARED_SELECTOR = YES;
				GCC_WARN_UNINITIALIZED_AUTOS = YES_AGGRESSIVE;
				GCC_WARN_UNUSED_FUNCTION = YES;
				GCC_WARN_UNUSED_VARIABLE = YES;
				IPHONEOS_DEPLOYMENT_TARGET = 14.5;
				MTL_ENABLE_DEBUG_INFO = INCLUDE_SOURCE;
				MTL_FAST_MATH = YES;
				ONLY_ACTIVE_ARCH = YES;
				SDKROOT = iphoneos;
				SWIFT_ACTIVE_COMPILATION_CONDITIONS = DEBUG;
				SWIFT_OPTIMIZATION_LEVEL = "-Onone";
			};
			name = Debug;
		};
		28C95E74279F2B3600D90FBE /* Release */ = {
			isa = XCBuildConfiguration;
			buildSettings = {
				ALWAYS_SEARCH_USER_PATHS = NO;
				CLANG_ANALYZER_NONNULL = YES;
				CLANG_ANALYZER_NUMBER_OBJECT_CONVERSION = YES_AGGRESSIVE;
				CLANG_CXX_LANGUAGE_STANDARD = "gnu++14";
				CLANG_CXX_LIBRARY = "libc++";
				CLANG_ENABLE_MODULES = YES;
				CLANG_ENABLE_OBJC_ARC = YES;
				CLANG_ENABLE_OBJC_WEAK = YES;
				CLANG_WARN_BLOCK_CAPTURE_AUTORELEASING = YES;
				CLANG_WARN_BOOL_CONVERSION = YES;
				CLANG_WARN_COMMA = YES;
				CLANG_WARN_CONSTANT_CONVERSION = YES;
				CLANG_WARN_DEPRECATED_OBJC_IMPLEMENTATIONS = YES;
				CLANG_WARN_DIRECT_OBJC_ISA_USAGE = YES_ERROR;
				CLANG_WARN_DOCUMENTATION_COMMENTS = YES;
				CLANG_WARN_EMPTY_BODY = YES;
				CLANG_WARN_ENUM_CONVERSION = YES;
				CLANG_WARN_INFINITE_RECURSION = YES;
				CLANG_WARN_INT_CONVERSION = YES;
				CLANG_WARN_NON_LITERAL_NULL_CONVERSION = YES;
				CLANG_WARN_OBJC_IMPLICIT_RETAIN_SELF = YES;
				CLANG_WARN_OBJC_LITERAL_CONVERSION = YES;
				CLANG_WARN_OBJC_ROOT_CLASS = YES_ERROR;
				CLANG_WARN_QUOTED_INCLUDE_IN_FRAMEWORK_HEADER = YES;
				CLANG_WARN_RANGE_LOOP_ANALYSIS = YES;
				CLANG_WARN_STRICT_PROTOTYPES = YES;
				CLANG_WARN_SUSPICIOUS_MOVE = YES;
				CLANG_WARN_UNGUARDED_AVAILABILITY = YES_AGGRESSIVE;
				CLANG_WARN_UNREACHABLE_CODE = YES;
				CLANG_WARN__DUPLICATE_METHOD_MATCH = YES;
				COPY_PHASE_STRIP = NO;
				DEBUG_INFORMATION_FORMAT = "dwarf-with-dsym";
				ENABLE_NS_ASSERTIONS = NO;
				ENABLE_STRICT_OBJC_MSGSEND = YES;
				GCC_C_LANGUAGE_STANDARD = gnu11;
				GCC_NO_COMMON_BLOCKS = YES;
				GCC_WARN_64_TO_32_BIT_CONVERSION = YES;
				GCC_WARN_ABOUT_RETURN_TYPE = YES_ERROR;
				GCC_WARN_UNDECLARED_SELECTOR = YES;
				GCC_WARN_UNINITIALIZED_AUTOS = YES_AGGRESSIVE;
				GCC_WARN_UNUSED_FUNCTION = YES;
				GCC_WARN_UNUSED_VARIABLE = YES;
				IPHONEOS_DEPLOYMENT_TARGET = 14.5;
				MTL_ENABLE_DEBUG_INFO = NO;
				MTL_FAST_MATH = YES;
				SDKROOT = iphoneos;
				SWIFT_COMPILATION_MODE = wholemodule;
				SWIFT_OPTIMIZATION_LEVEL = "-O";
				VALIDATE_PRODUCT = YES;
			};
			name = Release;
		};
		28C95E76279F2B3600D90FBE /* Debug */ = {
			isa = XCBuildConfiguration;
			buildSettings = {
				ASSETCATALOG_COMPILER_APPICON_NAME = AppIcon;
				ASSETCATALOG_COMPILER_GLOBAL_ACCENT_COLOR_NAME = AccentColor;
				CODE_SIGN_STYLE = Automatic;
				DEVELOPMENT_ASSET_PATHS = "\"VeggieCheck/Preview Content\"";
				DEVELOPMENT_TEAM = 637P5JS974;
				ENABLE_PREVIEWS = YES;
				INFOPLIST_FILE = VeggieCheck/Info.plist;
				IPHONEOS_DEPLOYMENT_TARGET = 14.0;
				LD_RUNPATH_SEARCH_PATHS = (
					"$(inherited)",
					"@executable_path/Frameworks",
				);
				OTHER_LDFLAGS = "-ObjC";
				PRODUCT_BUNDLE_IDENTIFIER = com.ameliagrigoriev.VeggieCheck;
				PRODUCT_NAME = "$(TARGET_NAME)";
				SWIFT_VERSION = 5.0;
				TARGETED_DEVICE_FAMILY = "1,2";
			};
			name = Debug;
		};
		28C95E77279F2B3600D90FBE /* Release */ = {
			isa = XCBuildConfiguration;
			buildSettings = {
				ASSETCATALOG_COMPILER_APPICON_NAME = AppIcon;
				ASSETCATALOG_COMPILER_GLOBAL_ACCENT_COLOR_NAME = AccentColor;
				CODE_SIGN_STYLE = Automatic;
				DEVELOPMENT_ASSET_PATHS = "\"VeggieCheck/Preview Content\"";
				DEVELOPMENT_TEAM = 637P5JS974;
				ENABLE_PREVIEWS = YES;
				INFOPLIST_FILE = VeggieCheck/Info.plist;
				IPHONEOS_DEPLOYMENT_TARGET = 14.0;
				LD_RUNPATH_SEARCH_PATHS = (
					"$(inherited)",
					"@executable_path/Frameworks",
				);
				OTHER_LDFLAGS = "-ObjC";
				PRODUCT_BUNDLE_IDENTIFIER = com.ameliagrigoriev.VeggieCheck;
				PRODUCT_NAME = "$(TARGET_NAME)";
				SWIFT_VERSION = 5.0;
				TARGETED_DEVICE_FAMILY = "1,2";
			};
			name = Release;
		};
/* End XCBuildConfiguration section */

/* Begin XCConfigurationList section */
		28C95E61279F2B2B00D90FBE /* Build configuration list for PBXProject "VeggieCheck" */ = {
			isa = XCConfigurationList;
			buildConfigurations = (
				28C95E73279F2B3600D90FBE /* Debug */,
				28C95E74279F2B3600D90FBE /* Release */,
			);
			defaultConfigurationIsVisible = 0;
			defaultConfigurationName = Release;
		};
		28C95E75279F2B3600D90FBE /* Build configuration list for PBXNativeTarget "VeggieCheck" */ = {
			isa = XCConfigurationList;
			buildConfigurations = (
				28C95E76279F2B3600D90FBE /* Debug */,
				28C95E77279F2B3600D90FBE /* Release */,
			);
			defaultConfigurationIsVisible = 0;
			defaultConfigurationName = Release;
		};
/* End XCConfigurationList section */

/* Begin XCRemoteSwiftPackageReference section */
		28C0091C27C7B2D700664C67 /* XCRemoteSwiftPackageReference "firebase-ios-sdk" */ = {
			isa = XCRemoteSwiftPackageReference;
			repositoryURL = "https://github.com/firebase/firebase-ios-sdk.git";
			requirement = {
				branch = master;
				kind = branch;
			};
		};
/* End XCRemoteSwiftPackageReference section */

/* Begin XCSwiftPackageProductDependency section */
		28C0091D27C7B2D700664C67 /* FirebaseAuth */ = {
			isa = XCSwiftPackageProductDependency;
			package = 28C0091C27C7B2D700664C67 /* XCRemoteSwiftPackageReference "firebase-ios-sdk" */;
			productName = FirebaseAuth;
		};
		28C0091F27C7B2D700664C67 /* FirebaseDatabase */ = {
			isa = XCSwiftPackageProductDependency;
			package = 28C0091C27C7B2D700664C67 /* XCRemoteSwiftPackageReference "firebase-ios-sdk" */;
			productName = FirebaseDatabase;
		};
/* End XCSwiftPackageProductDependency section */
	};
	rootObject = 28C95E5E279F2B2B00D90FBE /* Project object */;
}
